
Microsoft Visual Studio Solution File, Format Version 12.00
# Visual Studio Version 16
VisualStudioVersion = 16.0.31005.135
MinimumVisualStudioVersion = 10.0.40219.1
Project("{9A19103F-16F7-4668-BE54-9A1E7A4F7556}") = "ApiAulaDev", "ApiAulaDev\ApiAulaDev.csproj", "{63F2390D-1D91-4007-9810-4F5C4259E5F6}"
EndProject
Project("{FAE04EC0-301F-11D3-BF4B-00C04F79EFBC}") = "ApiAulaDev.Testes", "ApiAulaDev.Testes\ApiAulaDev.Testes.csproj", "{371A90E6-2CEE-4978-8E98-411FBF0CA3EE}"
EndProject
Global
	GlobalSection(SolutionConfigurationPlatforms) = preSolution
		Debug|Any CPU = Debug|Any CPU
		Release|Any CPU = Release|Any CPU
	EndGlobalSection
	GlobalSection(ProjectConfigurationPlatforms) = postSolution
		{63F2390D-1D91-4007-9810-4F5C4259E5F6}.Debug|Any CPU.ActiveCfg = Debug|Any CPU
		{63F2390D-1D91-4007-9810-4F5C4259E5F6}.Debug|Any CPU.Build.0 = Debug|Any CPU
		{63F2390D-1D91-4007-9810-4F5C4259E5F6}.Release|Any CPU.ActiveCfg = Release|Any CPU
		{63F2390D-1D91-4007-9810-4F5C4259E5F6}.Release|Any CPU.Build.0 = Release|Any CPU
		{371A90E6-2CEE-4978-8E98-411FBF0CA3EE}.Debug|Any CPU.ActiveCfg = Debug|Any CPU
		{371A90E6-2CEE-4978-8E98-411FBF0CA3EE}.Debug|Any CPU.Build.0 = Debug|Any CPU
		{371A90E6-2CEE-4978-8E98-411FBF0CA3EE}.Release|Any CPU.ActiveCfg = Release|Any CPU
		{371A90E6-2CEE-4978-8E98-411FBF0CA3EE}.Release|Any CPU.Build.0 = Release|Any CPU
	EndGlobalSection
	GlobalSection(SolutionProperties) = preSolution
		HideSolutionNode = FALSE
	EndGlobalSection
	GlobalSection(ExtensibilityGlobals) = postSolution
		SolutionGuid = {E538177D-98EE-4601-889A-D218F50F9455}
	EndGlobalSection
EndGlobal
